// !$*UTF8*$!
{
	archiveVersion = 1;
	classes = {
	};
	objectVersion = 50;
	objects = {

/* Begin PBXBuildFile section */
		0C45448724BDCAE200214E91 /* ResourcePath.mm in Sources */ = {isa = PBXBuildFile; fileRef = 0C45448624BDCAE200214E91 /* ResourcePath.mm */; };
		0C45448A24BDCAE200214E91 /* main.cpp in Sources */ = {isa = PBXBuildFile; fileRef = 0C45448924BDCAE200214E91 /* main.cpp */; };
		0C45449B24BDCCC600214E91 /* Bullet.cpp in Sources */ = {isa = PBXBuildFile; fileRef = 0C45449924BDCCC600214E91 /* Bullet.cpp */; };
		0C45449E24BDCCFA00214E91 /* Character.cpp in Sources */ = {isa = PBXBuildFile; fileRef = 0C45449C24BDCCFA00214E91 /* Character.cpp */; };
		0C4544A124BDCD2700214E91 /* Enemy.cpp in Sources */ = {isa = PBXBuildFile; fileRef = 0C45449F24BDCD2700214E91 /* Enemy.cpp */; };
		0C4544A424BDCD4F00214E91 /* Fuel.cpp in Sources */ = {isa = PBXBuildFile; fileRef = 0C4544A224BDCD4F00214E91 /* Fuel.cpp */; };
		0C4544A724BDCD6A00214E91 /* Game.cpp in Sources */ = {isa = PBXBuildFile; fileRef = 0C4544A524BDCD6A00214E91 /* Game.cpp */; };
		0C4544AA24BDCD9300214E91 /* Overlay.cpp in Sources */ = {isa = PBXBuildFile; fileRef = 0C4544A824BDCD9300214E91 /* Overlay.cpp */; };
		0C4544AD24BDCDC400214E91 /* Planet.cpp in Sources */ = {isa = PBXBuildFile; fileRef = 0C4544AB24BDCDC400214E91 /* Planet.cpp */; };
		0C4544B424BDCE8D00214E91 /* SolarSystem.cpp in Sources */ = {isa = PBXBuildFile; fileRef = 0C4544B224BDCE8D00214E91 /* SolarSystem.cpp */; };
		0C4544B724BDCEAA00214E91 /* Spaceship.cpp in Sources */ = {isa = PBXBuildFile; fileRef = 0C4544B524BDCEAA00214E91 /* Spaceship.cpp */; };
		0CC8046B24E6E9E000ACDE50 /* ResourceHolder.cpp in Sources */ = {isa = PBXBuildFile; fileRef = 0CC8046A24E6E9E000ACDE50 /* ResourceHolder.cpp */; };
		0CFA98BA24BDD6BC00626A46 /* youLost.png in Resources */ = {isa = PBXBuildFile; fileRef = 0CFA98AE24BDD6BB00626A46 /* youLost.png */; };
		0CFA98BB24BDD6BC00626A46 /* youWon.png in Resources */ = {isa = PBXBuildFile; fileRef = 0CFA98AF24BDD6BB00626A46 /* youWon.png */; };
		0CFA98BC24BDD6BC00626A46 /* fuel.png in Resources */ = {isa = PBXBuildFile; fileRef = 0CFA98B024BDD6BB00626A46 /* fuel.png */; };
		0CFA98BD24BDD6BC00626A46 /* enemy2.png in Resources */ = {isa = PBXBuildFile; fileRef = 0CFA98B124BDD6BB00626A46 /* enemy2.png */; };
		0CFA98BE24BDD6BC00626A46 /* ssBackground.png in Resources */ = {isa = PBXBuildFile; fileRef = 0CFA98B224BDD6BB00626A46 /* ssBackground.png */; };
		0CFA98BF24BDD6BC00626A46 /* pBackground.png in Resources */ = {isa = PBXBuildFile; fileRef = 0CFA98B324BDD6BB00626A46 /* pBackground.png */; };
		0CFA98C024BDD6BC00626A46 /* hook.png in Resources */ = {isa = PBXBuildFile; fileRef = 0CFA98B424BDD6BB00626A46 /* hook.png */; };
		0CFA98C124BDD6BC00626A46 /* bullet.png in Resources */ = {isa = PBXBuildFile; fileRef = 0CFA98B524BDD6BB00626A46 /* bullet.png */; };
		0CFA98C224BDD6BC00626A46 /* enemy1.png in Resources */ = {isa = PBXBuildFile; fileRef = 0CFA98B624BDD6BB00626A46 /* enemy1.png */; };
		0CFA98C324BDD6BC00626A46 /* andaleMono.ttf in Resources */ = {isa = PBXBuildFile; fileRef = 0CFA98B724BDD6BB00626A46 /* andaleMono.ttf */; };
		0CFA98C424BDD6BC00626A46 /* planet.png in Resources */ = {isa = PBXBuildFile; fileRef = 0CFA98B824BDD6BB00626A46 /* planet.png */; };
		0CFA98C524BDD6BC00626A46 /* spaceship.png in Resources */ = {isa = PBXBuildFile; fileRef = 0CFA98B924BDD6BB00626A46 /* spaceship.png */; };
/* End PBXBuildFile section */

/* Begin PBXFileReference section */
		0C45448124BDCAE200214E91 /* noGravitar.app */ = {isa = PBXFileReference; explicitFileType = wrapper.application; includeInIndex = 0; path = noGravitar.app; sourceTree = BUILT_PRODUCTS_DIR; };
		0C45448524BDCAE200214E91 /* noGravitar-Info.plist */ = {isa = PBXFileReference; lastKnownFileType = text.plist.xml; path = "noGravitar-Info.plist"; sourceTree = "<group>"; };
		0C45448624BDCAE200214E91 /* ResourcePath.mm */ = {isa = PBXFileReference; lastKnownFileType = sourcecode.cpp.objcpp; path = ResourcePath.mm; sourceTree = "<group>"; };
		0C45448824BDCAE200214E91 /* ResourcePath.hpp */ = {isa = PBXFileReference; lastKnownFileType = sourcecode.cpp.h; path = ResourcePath.hpp; sourceTree = "<group>"; };
		0C45448924BDCAE200214E91 /* main.cpp */ = {isa = PBXFileReference; lastKnownFileType = sourcecode.cpp.cpp; path = main.cpp; sourceTree = "<group>"; };
		0C45449924BDCCC600214E91 /* Bullet.cpp */ = {isa = PBXFileReference; lastKnownFileType = sourcecode.cpp.cpp; path = Bullet.cpp; sourceTree = "<group>"; };
		0C45449A24BDCCC600214E91 /* Bullet.hpp */ = {isa = PBXFileReference; lastKnownFileType = sourcecode.cpp.h; path = Bullet.hpp; sourceTree = "<group>"; };
		0C45449C24BDCCFA00214E91 /* Character.cpp */ = {isa = PBXFileReference; lastKnownFileType = sourcecode.cpp.cpp; path = Character.cpp; sourceTree = "<group>"; };
		0C45449D24BDCCFA00214E91 /* Character.hpp */ = {isa = PBXFileReference; lastKnownFileType = sourcecode.cpp.h; path = Character.hpp; sourceTree = "<group>"; };
		0C45449F24BDCD2700214E91 /* Enemy.cpp */ = {isa = PBXFileReference; lastKnownFileType = sourcecode.cpp.cpp; path = Enemy.cpp; sourceTree = "<group>"; };
		0C4544A024BDCD2700214E91 /* Enemy.hpp */ = {isa = PBXFileReference; lastKnownFileType = sourcecode.cpp.h; path = Enemy.hpp; sourceTree = "<group>"; };
		0C4544A224BDCD4F00214E91 /* Fuel.cpp */ = {isa = PBXFileReference; lastKnownFileType = sourcecode.cpp.cpp; path = Fuel.cpp; sourceTree = "<group>"; };
		0C4544A324BDCD4F00214E91 /* Fuel.hpp */ = {isa = PBXFileReference; lastKnownFileType = sourcecode.cpp.h; path = Fuel.hpp; sourceTree = "<group>"; };
		0C4544A524BDCD6A00214E91 /* Game.cpp */ = {isa = PBXFileReference; lastKnownFileType = sourcecode.cpp.cpp; path = Game.cpp; sourceTree = "<group>"; };
		0C4544A624BDCD6A00214E91 /* Game.hpp */ = {isa = PBXFileReference; lastKnownFileType = sourcecode.cpp.h; path = Game.hpp; sourceTree = "<group>"; };
		0C4544A824BDCD9300214E91 /* Overlay.cpp */ = {isa = PBXFileReference; lastKnownFileType = sourcecode.cpp.cpp; path = Overlay.cpp; sourceTree = "<group>"; };
		0C4544A924BDCD9300214E91 /* Overlay.hpp */ = {isa = PBXFileReference; lastKnownFileType = sourcecode.cpp.h; path = Overlay.hpp; sourceTree = "<group>"; };
		0C4544AB24BDCDC400214E91 /* Planet.cpp */ = {isa = PBXFileReference; lastKnownFileType = sourcecode.cpp.cpp; path = Planet.cpp; sourceTree = "<group>"; };
		0C4544AC24BDCDC400214E91 /* Planet.hpp */ = {isa = PBXFileReference; lastKnownFileType = sourcecode.cpp.h; path = Planet.hpp; sourceTree = "<group>"; };
		0C4544AF24BDCDFD00214E91 /* ResourceHolder.hpp */ = {isa = PBXFileReference; lastKnownFileType = sourcecode.cpp.h; path = ResourceHolder.hpp; sourceTree = "<group>"; };
		0C4544B124BDCE3C00214E91 /* Settings.h */ = {isa = PBXFileReference; lastKnownFileType = sourcecode.c.h; path = Settings.h; sourceTree = "<group>"; };
		0C4544B224BDCE8D00214E91 /* SolarSystem.cpp */ = {isa = PBXFileReference; lastKnownFileType = sourcecode.cpp.cpp; path = SolarSystem.cpp; sourceTree = "<group>"; };
		0C4544B324BDCE8D00214E91 /* SolarSystem.hpp */ = {isa = PBXFileReference; lastKnownFileType = sourcecode.cpp.h; path = SolarSystem.hpp; sourceTree = "<group>"; };
		0C4544B524BDCEAA00214E91 /* Spaceship.cpp */ = {isa = PBXFileReference; lastKnownFileType = sourcecode.cpp.cpp; path = Spaceship.cpp; sourceTree = "<group>"; };
		0C4544B624BDCEAA00214E91 /* Spaceship.hpp */ = {isa = PBXFileReference; lastKnownFileType = sourcecode.cpp.h; path = Spaceship.hpp; sourceTree = "<group>"; };
		0CC8046A24E6E9E000ACDE50 /* ResourceHolder.cpp */ = {isa = PBXFileReference; lastKnownFileType = sourcecode.cpp.cpp; name = ResourceHolder.cpp; path = noGravitar/ResourceHolder.cpp; sourceTree = "<group>"; };
		0CFA98AE24BDD6BB00626A46 /* youLost.png */ = {isa = PBXFileReference; lastKnownFileType = image.png; name = youLost.png; path = Resources/youLost.png; sourceTree = "<group>"; };
		0CFA98AF24BDD6BB00626A46 /* youWon.png */ = {isa = PBXFileReference; lastKnownFileType = image.png; name = youWon.png; path = Resources/youWon.png; sourceTree = "<group>"; };
		0CFA98B024BDD6BB00626A46 /* fuel.png */ = {isa = PBXFileReference; lastKnownFileType = image.png; name = fuel.png; path = Resources/fuel.png; sourceTree = "<group>"; };
		0CFA98B124BDD6BB00626A46 /* enemy2.png */ = {isa = PBXFileReference; lastKnownFileType = image.png; name = enemy2.png; path = Resources/enemy2.png; sourceTree = "<group>"; };
		0CFA98B224BDD6BB00626A46 /* ssBackground.png */ = {isa = PBXFileReference; lastKnownFileType = image.png; name = ssBackground.png; path = Resources/ssBackground.png; sourceTree = "<group>"; };
		0CFA98B324BDD6BB00626A46 /* pBackground.png */ = {isa = PBXFileReference; lastKnownFileType = image.png; name = pBackground.png; path = Resources/pBackground.png; sourceTree = "<group>"; };
		0CFA98B424BDD6BB00626A46 /* hook.png */ = {isa = PBXFileReference; lastKnownFileType = image.png; name = hook.png; path = Resources/hook.png; sourceTree = "<group>"; };
		0CFA98B524BDD6BB00626A46 /* bullet.png */ = {isa = PBXFileReference; lastKnownFileType = image.png; name = bullet.png; path = Resources/bullet.png; sourceTree = "<group>"; };
		0CFA98B624BDD6BB00626A46 /* enemy1.png */ = {isa = PBXFileReference; lastKnownFileType = image.png; name = enemy1.png; path = Resources/enemy1.png; sourceTree = "<group>"; };
		0CFA98B724BDD6BB00626A46 /* andaleMono.ttf */ = {isa = PBXFileReference; lastKnownFileType = file; name = andaleMono.ttf; path = Resources/andaleMono.ttf; sourceTree = "<group>"; };
		0CFA98B824BDD6BB00626A46 /* planet.png */ = {isa = PBXFileReference; lastKnownFileType = image.png; name = planet.png; path = Resources/planet.png; sourceTree = "<group>"; };
		0CFA98B924BDD6BB00626A46 /* spaceship.png */ = {isa = PBXFileReference; lastKnownFileType = image.png; name = spaceship.png; path = Resources/spaceship.png; sourceTree = "<group>"; };
/* End PBXFileReference section */

/* Begin PBXFrameworksBuildPhase section */
		0C45447D24BDCAE200214E91 /* Frameworks */ = {
			isa = PBXFrameworksBuildPhase;
			buildActionMask = 2147483647;
			files = (
			);
			runOnlyForDeploymentPostprocessing = 0;
		};
/* End PBXFrameworksBuildPhase section */

/* Begin PBXGroup section */
		0C45447724BDCAE200214E91 = {
			isa = PBXGroup;
			children = (
				0CC8046A24E6E9E000ACDE50 /* ResourceHolder.cpp */,
				0C45448324BDCAE200214E91 /* noGravitar */,
				0C45448224BDCAE200214E91 /* Products */,
			);
			sourceTree = "<group>";
		};
		0C45448224BDCAE200214E91 /* Products */ = {
			isa = PBXGroup;
			children = (
				0C45448124BDCAE200214E91 /* noGravitar.app */,
			);
			name = Products;
			sourceTree = "<group>";
		};
		0C45448324BDCAE200214E91 /* noGravitar */ = {
			isa = PBXGroup;
			children = (
				0C45448624BDCAE200214E91 /* ResourcePath.mm */,
				0C45448824BDCAE200214E91 /* ResourcePath.hpp */,
				0C45448924BDCAE200214E91 /* main.cpp */,
				0C45449924BDCCC600214E91 /* Bullet.cpp */,
				0C45449A24BDCCC600214E91 /* Bullet.hpp */,
				0C45449C24BDCCFA00214E91 /* Character.cpp */,
				0C45449D24BDCCFA00214E91 /* Character.hpp */,
				0C45449F24BDCD2700214E91 /* Enemy.cpp */,
				0C4544A024BDCD2700214E91 /* Enemy.hpp */,
				0C4544A224BDCD4F00214E91 /* Fuel.cpp */,
				0C4544A324BDCD4F00214E91 /* Fuel.hpp */,
				0C4544A524BDCD6A00214E91 /* Game.cpp */,
				0C4544A624BDCD6A00214E91 /* Game.hpp */,
				0C4544A824BDCD9300214E91 /* Overlay.cpp */,
				0C4544A924BDCD9300214E91 /* Overlay.hpp */,
				0C4544AB24BDCDC400214E91 /* Planet.cpp */,
				0C4544AC24BDCDC400214E91 /* Planet.hpp */,
				0C4544AF24BDCDFD00214E91 /* ResourceHolder.hpp */,
				0C4544B124BDCE3C00214E91 /* Settings.h */,
				0C4544B224BDCE8D00214E91 /* SolarSystem.cpp */,
				0C4544B324BDCE8D00214E91 /* SolarSystem.hpp */,
				0C4544B524BDCEAA00214E91 /* Spaceship.cpp */,
				0C4544B624BDCEAA00214E91 /* Spaceship.hpp */,
				0C45448B24BDCAE200214E91 /* Resources */,
				0C45448424BDCAE200214E91 /* Supporting Files */,
			);
			path = noGravitar;
			sourceTree = "<group>";
		};
		0C45448424BDCAE200214E91 /* Supporting Files */ = {
			isa = PBXGroup;
			children = (
				0C45448524BDCAE200214E91 /* noGravitar-Info.plist */,
			);
			name = "Supporting Files";
			sourceTree = "<group>";
		};
		0C45448B24BDCAE200214E91 /* Resources */ = {
			isa = PBXGroup;
			children = (
				0CFA98B724BDD6BB00626A46 /* andaleMono.ttf */,
				0CFA98B524BDD6BB00626A46 /* bullet.png */,
				0CFA98B624BDD6BB00626A46 /* enemy1.png */,
				0CFA98B124BDD6BB00626A46 /* enemy2.png */,
				0CFA98B024BDD6BB00626A46 /* fuel.png */,
				0CFA98B424BDD6BB00626A46 /* hook.png */,
				0CFA98B324BDD6BB00626A46 /* pBackground.png */,
				0CFA98B824BDD6BB00626A46 /* planet.png */,
				0CFA98B924BDD6BB00626A46 /* spaceship.png */,
				0CFA98B224BDD6BB00626A46 /* ssBackground.png */,
				0CFA98AE24BDD6BB00626A46 /* youLost.png */,
				0CFA98AF24BDD6BB00626A46 /* youWon.png */,
			);
			name = Resources;
			sourceTree = "<group>";
		};
/* End PBXGroup section */

/* Begin PBXNativeTarget section */
		0C45448024BDCAE200214E91 /* noGravitar */ = {
			isa = PBXNativeTarget;
			buildConfigurationList = 0C45449624BDCAE200214E91 /* Build configuration list for PBXNativeTarget "noGravitar" */;
			buildPhases = (
				0C45447C24BDCAE200214E91 /* Sources */,
				0C45447D24BDCAE200214E91 /* Frameworks */,
				0C45447E24BDCAE200214E91 /* Resources */,
				0C45447F24BDCAE200214E91 /* ShellScript */,
			);
			buildRules = (
			);
			dependencies = (
			);
			name = noGravitar;
			productName = noGravitar;
			productReference = 0C45448124BDCAE200214E91 /* noGravitar.app */;
			productType = "com.apple.product-type.application";
		};
/* End PBXNativeTarget section */

/* Begin PBXProject section */
		0C45447824BDCAE200214E91 /* Project object */ = {
			isa = PBXProject;
			attributes = {
				LastUpgradeCheck = 1010;
				ORGANIZATIONNAME = "Giovanni Basso";
				TargetAttributes = {
					0C45448024BDCAE200214E91 = {
						CreatedOnToolsVersion = 10.1;
					};
				};
			};
			buildConfigurationList = 0C45447B24BDCAE200214E91 /* Build configuration list for PBXProject "noGravitar" */;
			compatibilityVersion = "Xcode 9.3";
			developmentRegion = en;
			hasScannedForEncodings = 0;
			knownRegions = (
				en,
			);
			mainGroup = 0C45447724BDCAE200214E91;
			productRefGroup = 0C45448224BDCAE200214E91 /* Products */;
			projectDirPath = "";
			projectRoot = "";
			targets = (
				0C45448024BDCAE200214E91 /* noGravitar */,
			);
		};
/* End PBXProject section */

/* Begin PBXResourcesBuildPhase section */
		0C45447E24BDCAE200214E91 /* Resources */ = {
			isa = PBXResourcesBuildPhase;
			buildActionMask = 2147483647;
			files = (
				0CFA98C524BDD6BC00626A46 /* spaceship.png in Resources */,
				0CFA98BF24BDD6BC00626A46 /* pBackground.png in Resources */,
				0CFA98BE24BDD6BC00626A46 /* ssBackground.png in Resources */,
				0CFA98C424BDD6BC00626A46 /* planet.png in Resources */,
				0CFA98C324BDD6BC00626A46 /* andaleMono.ttf in Resources */,
				0CFA98BB24BDD6BC00626A46 /* youWon.png in Resources */,
				0CFA98C024BDD6BC00626A46 /* hook.png in Resources */,
				0CFA98C224BDD6BC00626A46 /* enemy1.png in Resources */,
				0CFA98BD24BDD6BC00626A46 /* enemy2.png in Resources */,
				0CFA98C124BDD6BC00626A46 /* bullet.png in Resources */,
				0CFA98BA24BDD6BC00626A46 /* youLost.png in Resources */,
				0CFA98BC24BDD6BC00626A46 /* fuel.png in Resources */,
			);
			runOnlyForDeploymentPostprocessing = 0;
		};
/* End PBXResourcesBuildPhase section */

/* Begin PBXShellScriptBuildPhase section */
		0C45447F24BDCAE200214E91 /* ShellScript */ = {
			isa = PBXShellScriptBuildPhase;
			buildActionMask = 8;
			files = (
			);
			inputFileListPaths = (
			);
			inputPaths = (
			);
			outputFileListPaths = (
			);
			outputPaths = (
			);
			runOnlyForDeploymentPostprocessing = 1;
			shellPath = /bin/sh;
			shellScript = "# This shell script simply copies required SFML dylibs/frameworks into the application bundle frameworks folder.\n# If you're using static libraries (which is not recommended) you should remove this script from your project.\n\n# SETTINGS\nSFML_DEPENDENCIES_INSTALL_PREFIX=\"/Users/SFML/Desktop/packaging/tmp/install/Library/Frameworks\"\nCMAKE_INSTALL_FRAMEWORK_PREFIX=\"/Users/SFML/Desktop/packaging/tmp/install/Library/Frameworks\"\nCMAKE_INSTALL_LIB_PREFIX=\"/Users/SFML/Desktop/packaging/tmp/install/Library/Frameworks/lib\"\nFRAMEWORKS_FULL_PATH=\"$BUILT_PRODUCTS_DIR/$FRAMEWORKS_FOLDER_PATH/\"\n\n# Are we building a project that uses frameworks or dylibs?\ncase \"$SFML_BINARY_TYPE\" in\n    DYLIBS)\n        frameworks=\"false\"\n        ;;\n    *)\n        frameworks=\"true\"\n        ;;\nesac\n\n# Echoes to stderr\nerror () # $* message to display\n{\n    echo $* 1>&2\n    exit 2\n}\n\nassert () # $1 is a boolean, $2...N is an error message\n{\n    if [ $# -lt 2 ]\n    then\n        error \"Internal error in assert: not enough args\"\n    fi\n\n    if [ $1 -ne 0 ]\n    then\n        shift\n        error \"$*\"\n    fi\n}\n\nforce_remove () # $@ is some paths\n{\n    test $# -ge 1\n    assert $? \"force_remove() requires at least one parameter\"\n    rm -fr $@\n    assert $? \"couldn't remove $@\"\n}\n\ncopy () # $1 is a source, $2 is a destination\n{\n    test $# -eq 2\n    assert $? \"copy() requires two parameters\"\n    ditto \"$1\" \"$2\"\n    assert $? \"couldn't copy $1 to $2\"\n}\n\nrequire () # $1 is a SFML module like 'system' or 'audio'\n{\n    dest=\"$BUILT_PRODUCTS_DIR/$FRAMEWORKS_FOLDER_PATH/\"\n\n    if [ -z \"$1\" ]\n    then\n        error \"require() requires one parameter!\"\n    else\n        # clean potentially old stuff\n        force_remove \"$dest/libsfml-$1\"*\n        force_remove \"$dest/sfml-$1.framework\"\n\n        # copy SFML libraries\n        if [ \"$frameworks\" = \"true\" ]\n        then\n            source=\"$CMAKE_INSTALL_FRAMEWORK_PREFIX/sfml-$1.framework\"\n            target=\"sfml-$1.framework\"\n        elif [ \"$SFML_LINK_DYLIBS_SUFFIX\" = \"-d\" ]\n        then\n            source=\"$CMAKE_INSTALL_LIB_PREFIX/libsfml-$1-d.dylib\"\n            target=\"`readlink $source`\"\n        else\n            source=\"$CMAKE_INSTALL_LIB_PREFIX/libsfml-$1.dylib\"\n            target=\"`readlink $source`\"\n        fi\n\n        copy \"$source\" \"$dest/$target\"\n\n        # copy extra dependencies\n        if [ \"$1\" = \"audio\" ]\n        then\n            # copy \"FLAC\" \"ogg\" \"vorbis\" \"vorbisenc\" \"vorbisfile\" \"OpenAL\" frameworks too\n            for f in \"FLAC\" \"ogg\" \"vorbis\" \"vorbisenc\" \"vorbisfile\" \"OpenAL\"\n            do\n                copy \"$SFML_DEPENDENCIES_INSTALL_PREFIX/$f.framework\" \"$dest/$f.framework\"\n            done\n        elif [ \"$1\" = \"graphics\" ]\n        then\n            copy \"$SFML_DEPENDENCIES_INSTALL_PREFIX/freetype.framework\" \"$dest/freetype.framework\"\n        fi\n    fi\n}\n\nif [ -n \"$SFML_SYSTEM\" ]\nthen\n    require \"system\"\nfi\n\nif [ -n \"$SFML_AUDIO\" ]\nthen\n    require \"audio\"\nfi\n\nif [ -n \"$SFML_NETWORK\" ]\nthen\n    require \"network\"\nfi\n\nif [ -n \"$SFML_WINDOW\" ]\nthen\n    require \"window\"\nfi\n\nif [ -n \"$SFML_GRAPHICS\" ]\nthen\n    require \"graphics\"\nfi\n\n                \n";
		};
/* End PBXShellScriptBuildPhase section */

/* Begin PBXSourcesBuildPhase section */
		0C45447C24BDCAE200214E91 /* Sources */ = {
			isa = PBXSourcesBuildPhase;
			buildActionMask = 2147483647;
			files = (
				0C45448A24BDCAE200214E91 /* main.cpp in Sources */,
				0CC8046B24E6E9E000ACDE50 /* ResourceHolder.cpp in Sources */,
				0C45449B24BDCCC600214E91 /* Bullet.cpp in Sources */,
				0C4544B424BDCE8D00214E91 /* SolarSystem.cpp in Sources */,
				0C4544A124BDCD2700214E91 /* Enemy.cpp in Sources */,
				0C4544AD24BDCDC400214E91 /* Planet.cpp in Sources */,
				0C4544A424BDCD4F00214E91 /* Fuel.cpp in Sources */,
				0C45448724BDCAE200214E91 /* ResourcePath.mm in Sources */,
				0C45449E24BDCCFA00214E91 /* Character.cpp in Sources */,
				0C4544AA24BDCD9300214E91 /* Overlay.cpp in Sources */,
				0C4544B724BDCEAA00214E91 /* Spaceship.cpp in Sources */,
				0C4544A724BDCD6A00214E91 /* Game.cpp in Sources */,
			);
			runOnlyForDeploymentPostprocessing = 0;
		};
/* End PBXSourcesBuildPhase section */

/* Begin XCBuildConfiguration section */
		0C45449424BDCAE200214E91 /* Debug */ = {
			isa = XCBuildConfiguration;
			buildSettings = {
				ARCHS = "$(NATIVE_ARCH_ACTUAL)";
				CLANG_CXX_LANGUAGE_STANDARD = "c++11";
				CLANG_CXX_LIBRARY = "libc++";
				FRAMEWORK_SEARCH_PATHS = (
					/Library/Frameworks/,
					"$(inherited)",
				);
				GCC_VERSION = com.apple.compilers.llvm.clang.1_0;
				HEADER_SEARCH_PATHS = (
					/usr/local/include/,
					"$(inherited)",
				);
				LIBRARY_SEARCH_PATHS = (
					/usr/local/lib/,
					"$(inherited)",
				);
				MACOSX_DEPLOYMENT_TARGET = 10.7;
				OTHER_LDFLAGS = (
					"$(inherited)",
					"$(SFML_SYSTEM)",
					"$(SFML_WINDOW)",
					"$(SFML_GRAPHICS)",
					"$(SFML_AUDIO)",
					"$(SFML_NETWORK)",
				);
				SFML_AUDIO = "$(SFML_LINK_PREFIX) sfml-audio$(SFML_LINK_SUFFIX)";
				SFML_BINARY_TYPE = FRAMEWORKS;
				SFML_GRAPHICS = "$(SFML_LINK_PREFIX) sfml-graphics$(SFML_LINK_SUFFIX)";
				SFML_LINK_DYLIBS_PREFIX = "-l";
				SFML_LINK_DYLIBS_SUFFIX = "";
				SFML_LINK_FRAMEWORKS_PREFIX = "-framework";
				SFML_LINK_FRAMEWORKS_SUFFIX = "";
				SFML_LINK_PREFIX = "$(SFML_LINK_$(SFML_BINARY_TYPE)_PREFIX)";
				SFML_LINK_SUFFIX = "$(SFML_LINK_$(SFML_BINARY_TYPE)_SUFFIX)";
				SFML_NETWORK = "";
				SFML_SYSTEM = "$(SFML_LINK_PREFIX) sfml-system$(SFML_LINK_SUFFIX)";
				SFML_WINDOW = "$(SFML_LINK_PREFIX) sfml-window$(SFML_LINK_SUFFIX)";
				SUPPORTED_PLATFORMS = macosx;
			};
			name = Debug;
		};
		0C45449524BDCAE200214E91 /* Release */ = {
			isa = XCBuildConfiguration;
			buildSettings = {
				ARCHS = "$(NATIVE_ARCH_ACTUAL)";
				CLANG_CXX_LANGUAGE_STANDARD = "c++11";
				CLANG_CXX_LIBRARY = "libc++";
				FRAMEWORK_SEARCH_PATHS = (
					/Library/Frameworks/,
					"$(inherited)",
				);
				GCC_VERSION = com.apple.compilers.llvm.clang.1_0;
				HEADER_SEARCH_PATHS = (
					/usr/local/include/,
					"$(inherited)",
				);
				LIBRARY_SEARCH_PATHS = (
					/usr/local/lib/,
					"$(inherited)",
				);
				MACOSX_DEPLOYMENT_TARGET = 10.7;
				OTHER_LDFLAGS = (
					"$(inherited)",
					"$(SFML_SYSTEM)",
					"$(SFML_WINDOW)",
					"$(SFML_GRAPHICS)",
					"$(SFML_AUDIO)",
					"$(SFML_NETWORK)",
				);
				SFML_AUDIO = "$(SFML_LINK_PREFIX) sfml-audio$(SFML_LINK_SUFFIX)";
				SFML_BINARY_TYPE = FRAMEWORKS;
				SFML_GRAPHICS = "$(SFML_LINK_PREFIX) sfml-graphics$(SFML_LINK_SUFFIX)";
				SFML_LINK_DYLIBS_PREFIX = "-l";
				SFML_LINK_DYLIBS_SUFFIX = "";
				SFML_LINK_FRAMEWORKS_PREFIX = "-framework";
				SFML_LINK_FRAMEWORKS_SUFFIX = "";
				SFML_LINK_PREFIX = "$(SFML_LINK_$(SFML_BINARY_TYPE)_PREFIX)";
				SFML_LINK_SUFFIX = "$(SFML_LINK_$(SFML_BINARY_TYPE)_SUFFIX)";
				SFML_NETWORK = "";
				SFML_SYSTEM = "$(SFML_LINK_PREFIX) sfml-system$(SFML_LINK_SUFFIX)";
				SFML_WINDOW = "$(SFML_LINK_PREFIX) sfml-window$(SFML_LINK_SUFFIX)";
				SUPPORTED_PLATFORMS = macosx;
			};
			name = Release;
		};
		0C45449724BDCAE200214E91 /* Debug */ = {
			isa = XCBuildConfiguration;
			buildSettings = {
				CLANG_MODULES_DISABLE_PRIVATE_WARNING = YES;
				CODE_SIGN_STYLE = Automatic;
				DEVELOPMENT_TEAM = ZFCS7Q4A3A;
				INFOPLIST_FILE = "noGravitar/noGravitar-Info.plist";
				LD_RUNPATH_SEARCH_PATHS = "@loader_path/../Frameworks";
				PRODUCT_NAME = "$(TARGET_NAME)";
			};
			name = Debug;
		};
		0C45449824BDCAE200214E91 /* Release */ = {
			isa = XCBuildConfiguration;
			buildSettings = {
				CLANG_MODULES_DISABLE_PRIVATE_WARNING = YES;
				CODE_SIGN_STYLE = Automatic;
				DEVELOPMENT_TEAM = ZFCS7Q4A3A;
				INFOPLIST_FILE = "noGravitar/noGravitar-Info.plist";
				LD_RUNPATH_SEARCH_PATHS = "@loader_path/../Frameworks";
				PRODUCT_NAME = "$(TARGET_NAME)";
			};
			name = Release;
		};
/* End XCBuildConfiguration section */

/* Begin XCConfigurationList section */
		0C45447B24BDCAE200214E91 /* Build configuration list for PBXProject "noGravitar" */ = {
			isa = XCConfigurationList;
			buildConfigurations = (
				0C45449424BDCAE200214E91 /* Debug */,
				0C45449524BDCAE200214E91 /* Release */,
			);
			defaultConfigurationIsVisible = 0;
			defaultConfigurationName = Release;
		};
		0C45449624BDCAE200214E91 /* Build configuration list for PBXNativeTarget "noGravitar" */ = {
			isa = XCConfigurationList;
			buildConfigurations = (
				0C45449724BDCAE200214E91 /* Debug */,
				0C45449824BDCAE200214E91 /* Release */,
			);
			defaultConfigurationIsVisible = 0;
			defaultConfigurationName = Release;
		};
/* End XCConfigurationList section */
	};
	rootObject = 0C45447824BDCAE200214E91 /* Project object */;
}
